
Microsoft Visual Studio Solution File, Format Version 12.00
# Visual Studio 15
VisualStudioVersion = 15.0.27703.2035
MinimumVisualStudioVersion = 10.0.40219.1
Project("{9A19103F-16F7-4668-BE54-9A1E7A4F7556}") = "ztbiyesheji", "Demo\ztbiyesheji.csproj", "{0E0DD0F1-5833-475E-9836-D78E9D1F17DB}"
EndProject
Global
	GlobalSection(SolutionConfigurationPlatforms) = preSolution
		Debug|Any CPU = Debug|Any CPU
		Release|Any CPU = Release|Any CPU
	EndGlobalSection
	GlobalSection(ProjectConfigurationPlatforms) = postSolution
		{0E0DD0F1-5833-475E-9836-D78E9D1F17DB}.Debug|Any CPU.ActiveCfg = Debug|Any CPU
		{0E0DD0F1-5833-475E-9836-D78E9D1F17DB}.Debug|Any CPU.Build.0 = Debug|Any CPU
		{0E0DD0F1-5833-475E-9836-D78E9D1F17DB}.Release|Any CPU.ActiveCfg = Release|Any CPU
		{0E0DD0F1-5833-475E-9836-D78E9D1F17DB}.Release|Any CPU.Build.0 = Release|Any CPU
	EndGlobalSection
	GlobalSection(SolutionProperties) = preSolution
		HideSolutionNode = FALSE
	EndGlobalSection
	GlobalSection(ExtensibilityGlobals) = postSolution
		SolutionGuid = {77A50952-A8B6-423E-9B73-ADB1B537966B}
	EndGlobalSection
EndGlobal
